
Microsoft Visual Studio Solution File, Format Version 12.00
# Visual Studio 15
VisualStudioVersion = 15.0.26730.12
MinimumVisualStudioVersion = 10.0.40219.1
Project("{FAE04EC0-301F-11D3-BF4B-00C04F79EFBC}") = "Getting_PCI_Devices", "Getting_PCI_Devices\Getting_PCI_Devices.csproj", "{7E645D50-34E1-4103-B6DF-01BBD3FE3AB7}"
EndProject
Global
	GlobalSection(SolutionConfigurationPlatforms) = preSolution
		Debug|Any CPU = Debug|Any CPU
		Release|Any CPU = Release|Any CPU
	EndGlobalSection
	GlobalSection(ProjectConfigurationPlatforms) = postSolution
		{7E645D50-34E1-4103-B6DF-01BBD3FE3AB7}.Debug|Any CPU.ActiveCfg = Debug|Any CPU
		{7E645D50-34E1-4103-B6DF-01BBD3FE3AB7}.Debug|Any CPU.Build.0 = Debug|Any CPU
		{7E645D50-34E1-4103-B6DF-01BBD3FE3AB7}.Release|Any CPU.ActiveCfg = Release|Any CPU
		{7E645D50-34E1-4103-B6DF-01BBD3FE3AB7}.Release|Any CPU.Build.0 = Release|Any CPU
	EndGlobalSection
	GlobalSection(SolutionProperties) = preSolution
		HideSolutionNode = FALSE
	EndGlobalSection
	GlobalSection(ExtensibilityGlobals) = postSolution
		SolutionGuid = {0811866F-AC67-4841-ABC5-D36ED95B0184}
	EndGlobalSection
EndGlobal
